Microsoft Visual Studio Solution File, Format Version 11.00
# Visual Studio 2008

Project("{EF303B96-1E11-6511-EFB9-40731F042379}") = "Clobberation", "Assembly-CSharp-firstpass.csproj", "{0DFEFD4A-2B2F-2E59-937F-28B33F79BF05}"
EndProject
Project("{EF303B96-1E11-6511-EFB9-40731F042379}") = "Clobberation", "Assembly-CSharp.csproj", "{B27B04C1-1ECB-E308-8074-9DE8CF219090}"
EndProject
Project("{EF303B96-1E11-6511-EFB9-40731F042379}") = "Clobberation", "Assembly-UnityScript-firstpass.unityproj", "{E6A276B7-A0EB-0F3D-E3EF-5ACFF993DDF1}"
EndProject
Global
	GlobalSection(SolutionConfigurationPlatforms) = preSolution
		Debug|Any CPU = Debug|Any CPU
		Release|Any CPU = Release|Any CPU
	EndGlobalSection
	GlobalSection(ProjectConfigurationPlatforms) = postSolution
		{0DFEFD4A-2B2F-2E59-937F-28B33F79BF05}.Debug|Any CPU.ActiveCfg = Debug|Any CPU
		{0DFEFD4A-2B2F-2E59-937F-28B33F79BF05}.Debug|Any CPU.Build.0 = Debug|Any CPU
		{0DFEFD4A-2B2F-2E59-937F-28B33F79BF05}.Release|Any CPU.ActiveCfg = Release|Any CPU
		{0DFEFD4A-2B2F-2E59-937F-28B33F79BF05}.Release|Any CPU.Build.0 = Release|Any CPU
		{B27B04C1-1ECB-E308-8074-9DE8CF219090}.Debug|Any CPU.ActiveCfg = Debug|Any CPU
		{B27B04C1-1ECB-E308-8074-9DE8CF219090}.Debug|Any CPU.Build.0 = Debug|Any CPU
		{B27B04C1-1ECB-E308-8074-9DE8CF219090}.Release|Any CPU.ActiveCfg = Release|Any CPU
		{B27B04C1-1ECB-E308-8074-9DE8CF219090}.Release|Any CPU.Build.0 = Release|Any CPU
		{E6A276B7-A0EB-0F3D-E3EF-5ACFF993DDF1}.Debug|Any CPU.ActiveCfg = Debug|Any CPU
		{E6A276B7-A0EB-0F3D-E3EF-5ACFF993DDF1}.Debug|Any CPU.Build.0 = Debug|Any CPU
		{E6A276B7-A0EB-0F3D-E3EF-5ACFF993DDF1}.Release|Any CPU.ActiveCfg = Release|Any CPU
		{E6A276B7-A0EB-0F3D-E3EF-5ACFF993DDF1}.Release|Any CPU.Build.0 = Release|Any CPU
	EndGlobalSection
	GlobalSection(SolutionProperties) = preSolution
		HideSolutionNode = FALSE
	EndGlobalSection
		GlobalSection(MonoDevelopProperties) = preSolution
		StartupItem = Assembly-CSharp.csproj
		Policies = $0
		$0.TextStylePolicy = $1
		$1.inheritsSet = null
		$1.scope = text/x-csharp
		$0.CSharpFormattingPolicy = $2
		$2.inheritsSet = Mono
		$2.inheritsScope = text/x-csharp
		$2.scope = text/x-csharp
		$0.TextStylePolicy = $3
		$3.FileWidth = 120
		$3.TabWidth = 4
		$3.EolMarker = Unix
		$3.inheritsSet = Mono
		$3.inheritsScope = text/plain
		$3.scope = text/plain
	EndGlobalSection

EndGlobal
